
Microsoft Visual Studio Solution File, Format Version 12.00
# Visual Studio Version 16
VisualStudioVersion = 16.0.30114.105
MinimumVisualStudioVersion = 10.0.40219.1
Project("{2150E333-8FDC-42A3-9474-1A3956D46DE8}") = "examples", "examples", "{82050CA3-2111-49D6-B682-EA22191ADB99}"
EndProject
Project("{2150E333-8FDC-42A3-9474-1A3956D46DE8}") = "AnnotationBased", "AnnotationBased", "{E296D200-558C-4217-95C3-C239C88955D8}"
EndProject
Project("{FAE04EC0-301F-11D3-BF4B-00C04F79EFBC}") = "Accounts", "examples\AnnotationBased\Accounts\Accounts.csproj", "{27A5C157-B595-4158-8D58-8E5559A14E39}"
EndProject
Project("{FAE04EC0-301F-11D3-BF4B-00C04F79EFBC}") = "Products", "examples\AnnotationBased\Products\Products.csproj", "{7CD8650E-6358-40AB-9376-E0DB36B91C33}"
EndProject
Project("{FAE04EC0-301F-11D3-BF4B-00C04F79EFBC}") = "Inventory", "examples\AnnotationBased\Inventory\Inventory.csproj", "{919C2EDB-72D7-476E-919F-521BCA6A2C90}"
EndProject
Project("{FAE04EC0-301F-11D3-BF4B-00C04F79EFBC}") = "Reviews", "examples\AnnotationBased\Reviews\Reviews.csproj", "{FFE872A7-6686-4820-86F4-C081714CEFD8}"
EndProject
Project("{2150E333-8FDC-42A3-9474-1A3956D46DE8}") = "CodeFirst", "CodeFirst", "{4FC21B51-8DAB-487D-BF66-32E674417EAB}"
EndProject
Project("{FAE04EC0-301F-11D3-BF4B-00C04F79EFBC}") = "Accounts", "examples\CodeFirst\Accounts\Accounts.csproj", "{02272634-995C-44CE-B0E6-E9CFCDE21432}"
EndProject
Project("{FAE04EC0-301F-11D3-BF4B-00C04F79EFBC}") = "Products", "examples\CodeFirst\Products\Products.csproj", "{4DA1ECA1-5AAF-465D-A2C7-DECA20DC1065}"
EndProject
Project("{FAE04EC0-301F-11D3-BF4B-00C04F79EFBC}") = "Inventory", "examples\CodeFirst\Inventory\Inventory.csproj", "{7C107B4E-9BDE-4944-AAF3-EA8110D04F33}"
EndProject
Project("{FAE04EC0-301F-11D3-BF4B-00C04F79EFBC}") = "Reviews", "examples\CodeFirst\Reviews\Reviews.csproj", "{D662DB3B-CB78-49A1-B45B-E518746C4DAF}"
EndProject
Project("{FAE04EC0-301F-11D3-BF4B-00C04F79EFBC}") = "ApolloGraphQL.HotChocolate.Federation", "Federation\ApolloGraphQL.HotChocolate.Federation.csproj", "{F7FCCABF-7797-49B0-A25A-762FF41A4C38}"
EndProject
Project("{FAE04EC0-301F-11D3-BF4B-00C04F79EFBC}") = "ApolloGraphQL.HotChocolate.Federation.Tests", "Federation.Tests\ApolloGraphQL.HotChocolate.Federation.Tests.csproj", "{595F22DC-4525-469F-8FAB-8C60456ED4D2}"
EndProject
Project("{2150E333-8FDC-42A3-9474-1A3956D46DE8}") = "Compatibility", "Compatibility", "{48B4F872-3753-4FA1-9DA7-A89F0F252058}"
EndProject
Project("{FAE04EC0-301F-11D3-BF4B-00C04F79EFBC}") = "AttributeFirst", "Compatibility\Attributes\AttributeFirst.csproj", "{6D110BB4-F39C-4514-8DCB-4C52F0AEBA00}"
EndProject
Project("{FAE04EC0-301F-11D3-BF4B-00C04F79EFBC}") = "CodeFirst", "Compatibility\CodeFirst\CodeFirst.csproj", "{3EA3B70B-6145-4679-8E6E-E791A6098316}"
EndProject
Global
	GlobalSection(SolutionConfigurationPlatforms) = preSolution
		Debug|Any CPU = Debug|Any CPU
		Release|Any CPU = Release|Any CPU
	EndGlobalSection
	GlobalSection(SolutionProperties) = preSolution
		HideSolutionNode = FALSE
	EndGlobalSection
	GlobalSection(ProjectConfigurationPlatforms) = postSolution
		{27A5C157-B595-4158-8D58-8E5559A14E39}.Debug|Any CPU.ActiveCfg = Debug|Any CPU
		{27A5C157-B595-4158-8D58-8E5559A14E39}.Debug|Any CPU.Build.0 = Debug|Any CPU
		{27A5C157-B595-4158-8D58-8E5559A14E39}.Release|Any CPU.ActiveCfg = Release|Any CPU
		{27A5C157-B595-4158-8D58-8E5559A14E39}.Release|Any CPU.Build.0 = Release|Any CPU
		{7CD8650E-6358-40AB-9376-E0DB36B91C33}.Debug|Any CPU.ActiveCfg = Debug|Any CPU
		{7CD8650E-6358-40AB-9376-E0DB36B91C33}.Debug|Any CPU.Build.0 = Debug|Any CPU
		{7CD8650E-6358-40AB-9376-E0DB36B91C33}.Release|Any CPU.ActiveCfg = Release|Any CPU
		{7CD8650E-6358-40AB-9376-E0DB36B91C33}.Release|Any CPU.Build.0 = Release|Any CPU
		{919C2EDB-72D7-476E-919F-521BCA6A2C90}.Debug|Any CPU.ActiveCfg = Debug|Any CPU
		{919C2EDB-72D7-476E-919F-521BCA6A2C90}.Debug|Any CPU.Build.0 = Debug|Any CPU
		{919C2EDB-72D7-476E-919F-521BCA6A2C90}.Release|Any CPU.ActiveCfg = Release|Any CPU
		{919C2EDB-72D7-476E-919F-521BCA6A2C90}.Release|Any CPU.Build.0 = Release|Any CPU
		{FFE872A7-6686-4820-86F4-C081714CEFD8}.Debug|Any CPU.ActiveCfg = Debug|Any CPU
		{FFE872A7-6686-4820-86F4-C081714CEFD8}.Debug|Any CPU.Build.0 = Debug|Any CPU
		{FFE872A7-6686-4820-86F4-C081714CEFD8}.Release|Any CPU.ActiveCfg = Release|Any CPU
		{FFE872A7-6686-4820-86F4-C081714CEFD8}.Release|Any CPU.Build.0 = Release|Any CPU
		{02272634-995C-44CE-B0E6-E9CFCDE21432}.Debug|Any CPU.ActiveCfg = Debug|Any CPU
		{02272634-995C-44CE-B0E6-E9CFCDE21432}.Debug|Any CPU.Build.0 = Debug|Any CPU
		{02272634-995C-44CE-B0E6-E9CFCDE21432}.Release|Any CPU.ActiveCfg = Release|Any CPU
		{02272634-995C-44CE-B0E6-E9CFCDE21432}.Release|Any CPU.Build.0 = Release|Any CPU
		{4DA1ECA1-5AAF-465D-A2C7-DECA20DC1065}.Debug|Any CPU.ActiveCfg = Debug|Any CPU
		{4DA1ECA1-5AAF-465D-A2C7-DECA20DC1065}.Debug|Any CPU.Build.0 = Debug|Any CPU
		{4DA1ECA1-5AAF-465D-A2C7-DECA20DC1065}.Release|Any CPU.ActiveCfg = Release|Any CPU
		{4DA1ECA1-5AAF-465D-A2C7-DECA20DC1065}.Release|Any CPU.Build.0 = Release|Any CPU
		{7C107B4E-9BDE-4944-AAF3-EA8110D04F33}.Debug|Any CPU.ActiveCfg = Debug|Any CPU
		{7C107B4E-9BDE-4944-AAF3-EA8110D04F33}.Debug|Any CPU.Build.0 = Debug|Any CPU
		{7C107B4E-9BDE-4944-AAF3-EA8110D04F33}.Release|Any CPU.ActiveCfg = Release|Any CPU
		{7C107B4E-9BDE-4944-AAF3-EA8110D04F33}.Release|Any CPU.Build.0 = Release|Any CPU
		{D662DB3B-CB78-49A1-B45B-E518746C4DAF}.Debug|Any CPU.ActiveCfg = Debug|Any CPU
		{D662DB3B-CB78-49A1-B45B-E518746C4DAF}.Debug|Any CPU.Build.0 = Debug|Any CPU
		{D662DB3B-CB78-49A1-B45B-E518746C4DAF}.Release|Any CPU.ActiveCfg = Release|Any CPU
		{D662DB3B-CB78-49A1-B45B-E518746C4DAF}.Release|Any CPU.Build.0 = Release|Any CPU
		{F7FCCABF-7797-49B0-A25A-762FF41A4C38}.Debug|Any CPU.ActiveCfg = Debug|Any CPU
		{F7FCCABF-7797-49B0-A25A-762FF41A4C38}.Debug|Any CPU.Build.0 = Debug|Any CPU
		{F7FCCABF-7797-49B0-A25A-762FF41A4C38}.Release|Any CPU.ActiveCfg = Release|Any CPU
		{F7FCCABF-7797-49B0-A25A-762FF41A4C38}.Release|Any CPU.Build.0 = Release|Any CPU
		{595F22DC-4525-469F-8FAB-8C60456ED4D2}.Debug|Any CPU.ActiveCfg = Debug|Any CPU
		{595F22DC-4525-469F-8FAB-8C60456ED4D2}.Debug|Any CPU.Build.0 = Debug|Any CPU
		{595F22DC-4525-469F-8FAB-8C60456ED4D2}.Release|Any CPU.ActiveCfg = Release|Any CPU
		{595F22DC-4525-469F-8FAB-8C60456ED4D2}.Release|Any CPU.Build.0 = Release|Any CPU
		{6D110BB4-F39C-4514-8DCB-4C52F0AEBA00}.Debug|Any CPU.ActiveCfg = Debug|Any CPU
		{6D110BB4-F39C-4514-8DCB-4C52F0AEBA00}.Debug|Any CPU.Build.0 = Debug|Any CPU
		{6D110BB4-F39C-4514-8DCB-4C52F0AEBA00}.Release|Any CPU.ActiveCfg = Release|Any CPU
		{6D110BB4-F39C-4514-8DCB-4C52F0AEBA00}.Release|Any CPU.Build.0 = Release|Any CPU
		{3EA3B70B-6145-4679-8E6E-E791A6098316}.Debug|Any CPU.ActiveCfg = Debug|Any CPU
		{3EA3B70B-6145-4679-8E6E-E791A6098316}.Debug|Any CPU.Build.0 = Debug|Any CPU
		{3EA3B70B-6145-4679-8E6E-E791A6098316}.Release|Any CPU.ActiveCfg = Release|Any CPU
		{3EA3B70B-6145-4679-8E6E-E791A6098316}.Release|Any CPU.Build.0 = Release|Any CPU
	EndGlobalSection
	GlobalSection(NestedProjects) = preSolution
		{E296D200-558C-4217-95C3-C239C88955D8} = {82050CA3-2111-49D6-B682-EA22191ADB99}
		{27A5C157-B595-4158-8D58-8E5559A14E39} = {E296D200-558C-4217-95C3-C239C88955D8}
		{7CD8650E-6358-40AB-9376-E0DB36B91C33} = {E296D200-558C-4217-95C3-C239C88955D8}
		{919C2EDB-72D7-476E-919F-521BCA6A2C90} = {E296D200-558C-4217-95C3-C239C88955D8}
		{FFE872A7-6686-4820-86F4-C081714CEFD8} = {E296D200-558C-4217-95C3-C239C88955D8}
		{4FC21B51-8DAB-487D-BF66-32E674417EAB} = {82050CA3-2111-49D6-B682-EA22191ADB99}
		{02272634-995C-44CE-B0E6-E9CFCDE21432} = {4FC21B51-8DAB-487D-BF66-32E674417EAB}
		{4DA1ECA1-5AAF-465D-A2C7-DECA20DC1065} = {4FC21B51-8DAB-487D-BF66-32E674417EAB}
		{7C107B4E-9BDE-4944-AAF3-EA8110D04F33} = {4FC21B51-8DAB-487D-BF66-32E674417EAB}
		{D662DB3B-CB78-49A1-B45B-E518746C4DAF} = {4FC21B51-8DAB-487D-BF66-32E674417EAB}
		{6D110BB4-F39C-4514-8DCB-4C52F0AEBA00} = {48B4F872-3753-4FA1-9DA7-A89F0F252058}
		{3EA3B70B-6145-4679-8E6E-E791A6098316} = {48B4F872-3753-4FA1-9DA7-A89F0F252058}
	EndGlobalSection
EndGlobal
