{
  "version": 1,
  "dependencies": {
    "net7.0": {
      "HotChocolate.AspNetCore": {
        "type": "Direct",
        "requested": "[13.6.0-rc.0, )",
        "resolved": "13.6.0-rc.0",
        "contentHash": "aCdo2BE5kMWGJOaVJ+xz9VXRZWAU7AGtnZ3PLh8R44SmYCJwdnGkq9fxdb8eFbSAfQaNw37z3Zz64gkLwv+ZUQ==",
        "dependencies": {
          "BananaCakePop.Middleware": "7.0.4",
          "HotChocolate": "13.6.0-rc.0",
          "HotChocolate.Subscriptions.InMemory": "13.6.0-rc.0",
          "HotChocolate.Transport.Sockets": "13.6.0-rc.0",
          "HotChocolate.Types.Scalars.Upload": "13.6.0-rc.0"
        }
      },
      "HotChocolate.AspNetCore.CommandLine": {
        "type": "Direct",
        "requested": "[13.6.0-rc.0, )",
        "resolved": "13.6.0-rc.0",
        "contentHash": "Q3SmrrB3vNbvFV2mhu7OpsFJ6kN5RXBvs8Qe/qHrTskLHYUNGU17ZFEQwXOyOs9Et0Wcu45g2+fP/nV4FxPD/Q==",
        "dependencies": {
          "HotChocolate": "13.6.0-rc.0",
          "System.CommandLine": "2.0.0-beta4.22272.1"
        }
      },
      "Microsoft.SourceLink.GitHub": {
        "type": "Direct",
        "requested": "[1.1.1, )",
        "resolved": "1.1.1",
        "contentHash": "IaJGnOv/M7UQjRJks7B6p7pbPnOwisYGOIzqCz5ilGFTApZ3ktOR+6zJ12ZRPInulBmdAf1SrGdDG2MU8g6XTw==",
        "dependencies": {
          "Microsoft.Build.Tasks.Git": "1.1.1",
          "Microsoft.SourceLink.Common": "1.1.1"
        }
      },
      "BananaCakePop.Middleware": {
        "type": "Transitive",
        "resolved": "7.0.4",
        "contentHash": "MjXgiZ2WTmijyojmuiDMoqa2rokg0yNROwpe6yQibFre6D3CPdmCiIt48YE9+8ZBwgss5BK49iluktHFuf0XfQ==",
        "dependencies": {
          "Yarp.ReverseProxy": "2.0.1"
        }
      },
      "GreenDonut": {
        "type": "Transitive",
        "resolved": "13.6.0-rc.0",
        "contentHash": "bu1AMYpN/bHA27ucKrK+rjRAaCkLPjpxkG6IQZsRp4sUR8bU27je8GiEnZlTKFCk4tA4TEm/I9WL3WoQEyiLNQ==",
        "dependencies": {
          "Microsoft.Extensions.ObjectPool": "3.1.4",
          "System.Diagnostics.DiagnosticSource": "4.7.0",
          "System.Threading.Tasks.Extensions": "4.5.0"
        }
      },
      "HotChocolate": {
        "type": "Transitive",
        "resolved": "13.6.0-rc.0",
        "contentHash": "F2euN+nLdC2mPP9iRQEptBLuqP1bQfIepBuahwRflSU/szMYEWIAopqS06utlhQCzCmQtmb8cgKAUgkBm5+S2g==",
        "dependencies": {
          "HotChocolate.Authorization": "13.6.0-rc.0",
          "HotChocolate.Execution": "13.6.0-rc.0",
          "HotChocolate.Fetching": "13.6.0-rc.0",
          "HotChocolate.Types": "13.6.0-rc.0",
          "HotChocolate.Types.CursorPagination": "13.6.0-rc.0",
          "HotChocolate.Types.Mutations": "13.6.0-rc.0",
          "HotChocolate.Types.OffsetPagination": "13.6.0-rc.0",
          "HotChocolate.Validation": "13.6.0-rc.0"
        }
      },
      "HotChocolate.Abstractions": {
        "type": "Transitive",
        "resolved": "13.6.0-rc.0",
        "contentHash": "sSs8naBG/+f/RyKWqFfGF9gGANbr3Bj/uwfRYYRdXMgxKfMMzGu1iNTTWX0aCjLPlGEO/Y/zcTfNbzJAibcgXA==",
        "dependencies": {
          "HotChocolate.Language": "13.6.0-rc.0",
          "Microsoft.Bcl.AsyncInterfaces": "1.1.0",
          "System.Collections.Immutable": "1.7.0"
        }
      },
      "HotChocolate.Authorization": {
        "type": "Transitive",
        "resolved": "13.6.0-rc.0",
        "contentHash": "4cZgXrUwlzwkmcq8zQfRuCeJEIEUBeA4CGocfJbK7kNtTvMeseApzUJcKJ8UJrwWGZ+NNkhtJChPyF+KEIf7Mw==",
        "dependencies": {
          "HotChocolate.Execution": "13.6.0-rc.0"
        }
      },
      "HotChocolate.Execution": {
        "type": "Transitive",
        "resolved": "13.6.0-rc.0",
        "contentHash": "+sCihLsr3BacJLfu9Lszhr/8zccpQdz3maYti480dr8il5zMqU/0vRVmcDFDUiWf2XQHotRFfmZyuAMOfKJdeA==",
        "dependencies": {
          "HotChocolate.Abstractions": "13.6.0-rc.0",
          "HotChocolate.Execution.Abstractions": "13.6.0-rc.0",
          "HotChocolate.Fetching": "13.6.0-rc.0",
          "HotChocolate.Types": "13.6.0-rc.0",
          "HotChocolate.Validation": "13.6.0-rc.0",
          "Microsoft.Extensions.DependencyInjection": "3.1.4",
          "Microsoft.Extensions.DiagnosticAdapter": "3.1.4",
          "System.Threading.Channels": "4.7.0"
        }
      },
      "HotChocolate.Execution.Abstractions": {
        "type": "Transitive",
        "resolved": "13.6.0-rc.0",
        "contentHash": "VO3VEnVnxYSPQaDgtbscwZYfC5LoaGJfyMz2Zp85NCovYhMGXXqHfPPu3ysyfx6l38LFZZ/KULieCjco3TV7xA==",
        "dependencies": {
          "HotChocolate.Abstractions": "13.6.0-rc.0",
          "Microsoft.Extensions.DependencyInjection.Abstractions": "3.1.4"
        }
      },
      "HotChocolate.Fetching": {
        "type": "Transitive",
        "resolved": "13.6.0-rc.0",
        "contentHash": "0oDmpQG/QUpjA7AsF1CuoSD2X2gntw7hDcnfETxzDDXgQ8D2RrOuzSV7auAlyxztgZfYKQtdz1me5A4CUtDBmQ==",
        "dependencies": {
          "GreenDonut": "13.6.0-rc.0",
          "HotChocolate.Types": "13.6.0-rc.0"
        }
      },
      "HotChocolate.Language": {
        "type": "Transitive",
        "resolved": "13.6.0-rc.0",
        "contentHash": "+10Qm+4H1k4YP8kXJlztG/M4VQ1Hc8FRxvjONOCRApi5NreWAKUFnz3W5I0OqtDQFCEPe/ASvKcnhTUjRLWWeA==",
        "dependencies": {
          "HotChocolate.Language.SyntaxTree": "13.6.0-rc.0",
          "HotChocolate.Language.Utf8": "13.6.0-rc.0",
          "HotChocolate.Language.Visitors": "13.6.0-rc.0",
          "HotChocolate.Language.Web": "13.6.0-rc.0"
        }
      },
      "HotChocolate.Language.SyntaxTree": {
        "type": "Transitive",
        "resolved": "13.6.0-rc.0",
        "contentHash": "tZNxfHYrbMZhaxGzqvHlC11mdvAjfJFNIgWYDJyaFUh0btGUzYXzGM8wUUZVF5FCuG2HYS+z8/dwk5NY3OHqFw==",
        "dependencies": {
          "Microsoft.Extensions.ObjectPool": "3.1.4"
        }
      },
      "HotChocolate.Language.Utf8": {
        "type": "Transitive",
        "resolved": "13.6.0-rc.0",
        "contentHash": "jwbzKLXdezybRoz94bSf6dj2juU+0kuSAr+qtew1nUNnR72h7VoCOaPRjL4OY/S+n3ESxu2t34IE5thjHGiCkA==",
        "dependencies": {
          "HotChocolate.Language.SyntaxTree": "13.6.0-rc.0"
        }
      },
      "HotChocolate.Language.Visitors": {
        "type": "Transitive",
        "resolved": "13.6.0-rc.0",
        "contentHash": "0ihQTdC81yTL/3vLWTQ4gHSFKNSA34p094qmexkKrLKwyTzZuopx/tWgx0v45ptiZTMsSvq3zCpoGv3fnUFqyQ==",
        "dependencies": {
          "HotChocolate.Language.SyntaxTree": "13.6.0-rc.0"
        }
      },
      "HotChocolate.Language.Web": {
        "type": "Transitive",
        "resolved": "13.6.0-rc.0",
        "contentHash": "gbdL6yp+hBxuQKVr8yDHAYhnkxwlxqfCvBJeMbqYsaAHWlE4Srg2FfT8IE/CvjpCYjVK8vNAXHt2RLcR5o/p8w==",
        "dependencies": {
          "HotChocolate.Language.Utf8": "13.6.0-rc.0"
        }
      },
      "HotChocolate.Subscriptions": {
        "type": "Transitive",
        "resolved": "13.6.0-rc.0",
        "contentHash": "33/jKQ1l6raQzlhpkugoFG6UNNkeckfFHNHmfM+Wk1T3+/11PJwzlcHWlAenpjhGfJTAJcrIKnXnOTrBtTuudw==",
        "dependencies": {
          "HotChocolate.Abstractions": "13.6.0-rc.0",
          "HotChocolate.Execution.Abstractions": "13.6.0-rc.0"
        }
      },
      "HotChocolate.Subscriptions.InMemory": {
        "type": "Transitive",
        "resolved": "13.6.0-rc.0",
        "contentHash": "67JYfbCevALeg+LLBR21eeHzSvNJFqe0AJ7Igtd7n0Bt/UF2FRlJXDUOnehWcmQW1gnlahLRhUMdJWhyNl52Bg==",
        "dependencies": {
          "HotChocolate.Execution.Abstractions": "13.6.0-rc.0",
          "HotChocolate.Subscriptions": "13.6.0-rc.0",
          "Microsoft.Extensions.DependencyInjection.Abstractions": "3.1.4"
        }
      },
      "HotChocolate.Transport.Sockets": {
        "type": "Transitive",
        "resolved": "13.6.0-rc.0",
        "contentHash": "PxuZjTe3WNTx6rw8u4fIJvv1UFctlXz7Zu6tLvcCYWVkLrJ6MvaHU2QSmqxaWPctZnlQbi/sP/p48m4oETG4Sg==",
        "dependencies": {
          "System.IO.Pipelines": "7.0.0"
        }
      },
      "HotChocolate.Types": {
        "type": "Transitive",
        "resolved": "13.6.0-rc.0",
        "contentHash": "sHRNgMlQHVcWdRx//ylaHzXe7YXhzXcdx2ZoM0C8N/CdwRQzaeCb3QKyp9dPxMK9IaqjtBzc+95v1rIaeQEqTg==",
        "dependencies": {
          "HotChocolate.Abstractions": "13.6.0-rc.0",
          "HotChocolate.Types.Shared": "13.6.0-rc.0",
          "HotChocolate.Utilities": "13.6.0-rc.0",
          "Microsoft.Extensions.DependencyInjection.Abstractions": "3.1.4",
          "Microsoft.Extensions.ObjectPool": "3.1.4",
          "System.ComponentModel.Annotations": "4.7.0",
          "System.Text.Json": "6.0.7"
        }
      },
      "HotChocolate.Types.CursorPagination": {
        "type": "Transitive",
        "resolved": "13.6.0-rc.0",
        "contentHash": "Scxengni5QDsr3qWuEWtdqgyS2lmAviRDwrkMGP132gWdwGFlKNHdiOS513BTYMa2Rx3Ux98YLwJ0HNXFUeyoQ==",
        "dependencies": {
          "HotChocolate.Execution": "13.6.0-rc.0",
          "HotChocolate.Types": "13.6.0-rc.0"
        }
      },
      "HotChocolate.Types.Mutations": {
        "type": "Transitive",
        "resolved": "13.6.0-rc.0",
        "contentHash": "SyWmxSXIZUf2kgQ8gLlB0Nw7nywnHAvwH10Op31EsPtYG36VDwH39bhXoy9BYjnLqVeifllDWanjSUjSHZfHzA==",
        "dependencies": {
          "HotChocolate.Execution": "13.6.0-rc.0",
          "HotChocolate.Types": "13.6.0-rc.0"
        }
      },
      "HotChocolate.Types.OffsetPagination": {
        "type": "Transitive",
        "resolved": "13.6.0-rc.0",
        "contentHash": "o1HC9s1PqXZ1zAXvxXv0QJWbMsWDwfuuT+kmijfQswla8rVF8dFuRV28MowX8xVXsWASpgLLpjKQaXEJ7VyaFg==",
        "dependencies": {
          "HotChocolate.Execution": "13.6.0-rc.0",
          "HotChocolate.Types": "13.6.0-rc.0"
        }
      },
      "HotChocolate.Types.Scalars.Upload": {
        "type": "Transitive",
        "resolved": "13.6.0-rc.0",
        "contentHash": "yNgO/gDieKBIznWY7lS86dT1msmqEwPEavHIWrhBTVX1ZKnAa1riDP1ig+wUCn9Q08gtx/+9TrqPBgvQxf2DYA==",
        "dependencies": {
          "HotChocolate.Types": "13.6.0-rc.0"
        }
      },
      "HotChocolate.Types.Shared": {
        "type": "Transitive",
        "resolved": "13.6.0-rc.0",
        "contentHash": "Z4rTrux8wJkY6mmYfs7tu9Aq/jeTIlQG4s/wSFpyz1tbQ4khWwhhU8Ah0EnAD0JQqDmhGoyAWQY6bxRmFQRO5Q==",
        "dependencies": {
          "HotChocolate.Language.SyntaxTree": "13.6.0-rc.0"
        }
      },
      "HotChocolate.Utilities": {
        "type": "Transitive",
        "resolved": "13.6.0-rc.0",
        "contentHash": "rJa4q41MHBTqx9SY/uNOX1GUIS0TCd6tDFFKE5mE2CQ0kSGg90S/E/YuiuqJpHbsPE7KA6zS+SbTq4/Lu2GDxw==",
        "dependencies": {
          "Microsoft.Bcl.AsyncInterfaces": "1.1.0",
          "System.Memory": "4.5.4",
          "System.Threading.Tasks.Extensions": "4.5.4"
        }
      },
      "HotChocolate.Validation": {
        "type": "Transitive",
        "resolved": "13.6.0-rc.0",
        "contentHash": "PSdhm0VaNLkpf5JuOxrW8A7Dvcpv1HBFI0yX92XzoEHfwjz+P8kL9i/PU00xWxyt0QBTnmP/OfMCia0rmBFyQQ==",
        "dependencies": {
          "HotChocolate.Types": "13.6.0-rc.0",
          "Microsoft.Extensions.DependencyInjection.Abstractions": "3.1.4",
          "Microsoft.Extensions.Options": "3.1.4"
        }
      },
      "Microsoft.Bcl.AsyncInterfaces": {
        "type": "Transitive",
        "resolved": "1.1.0",
        "contentHash": "1Am6l4Vpn3/K32daEqZI+FFr96OlZkgwK2LcT3pZ2zWubR5zTPW3/FkO1Rat9kb7oQOa4rxgl9LJHc5tspCWfg=="
      },
      "Microsoft.Build.Tasks.Git": {
        "type": "Transitive",
        "resolved": "1.1.1",
        "contentHash": "AT3HlgTjsqHnWpBHSNeR0KxbLZD7bztlZVj7I8vgeYG9SYqbeFGh0TM/KVtC6fg53nrWHl3VfZFvb5BiQFcY6Q=="
      },
      "Microsoft.Extensions.DependencyInjection": {
        "type": "Transitive",
        "resolved": "3.1.4",
        "contentHash": "dAWhz6BEjUFIVLUPbT1s1sUrPTwbUWdw2iBRRe3ej3xXcKS+oo64dKrIWFxRjYP6TWyESpGFNY5NGeA5FcHVlg==",
        "dependencies": {
          "Microsoft.Extensions.DependencyInjection.Abstractions": "3.1.4"
        }
      },
      "Microsoft.Extensions.DependencyInjection.Abstractions": {
        "type": "Transitive",
        "resolved": "3.1.4",
        "contentHash": "AceHamXNKDMDwIoZqEoApLp8s3935wSC3VXrPaRWa0wWOaEcYdDlo1nWQ1zLiezoDmpJzV7FqDm53E0Ty/hEMg=="
      },
      "Microsoft.Extensions.DiagnosticAdapter": {
        "type": "Transitive",
        "resolved": "3.1.4",
        "contentHash": "JiYsxaO6FnH477kGwQLZoj1+XFgwA1ZOjnmypgGhxeLdsmL4o29dP1vfOwmwsU9+nJ5ugtqq4Xs4DcVAGSLt3w==",
        "dependencies": {
          "System.Diagnostics.DiagnosticSource": "4.7.1"
        }
      },
      "Microsoft.Extensions.ObjectPool": {
        "type": "Transitive",
        "resolved": "3.1.4",
        "contentHash": "ZmgpBTnKA2OSJjtL5A1tNSWAQn8I0ELJMW+oKMZVmVHhjG8IyqlhqkfXT9jxgPp8ddCt4t4oXsKn1HAz+sJO1A=="
      },
      "Microsoft.Extensions.Options": {
        "type": "Transitive",
        "resolved": "3.1.4",
        "contentHash": "ntWmD8i6UmAo0nn5MiCXIVl3+75aybVHgP/NxL9B16zwsbGkSfs+66BullsGEDNvrimgIFVDO+iB/h0yWfATWg==",
        "dependencies": {
          "Microsoft.Extensions.DependencyInjection.Abstractions": "3.1.4",
          "Microsoft.Extensions.Primitives": "3.1.4"
        }
      },
      "Microsoft.Extensions.Primitives": {
        "type": "Transitive",
        "resolved": "3.1.4",
        "contentHash": "tLR9n5ltwA56nr1t5M6q5IBfGLXtMS+XgumtqVENmtPQOWUD+m0Kgo1U6GWr06Y875WUN3sOGnmqkvW4an7fYA=="
      },
      "Microsoft.SourceLink.Common": {
        "type": "Transitive",
        "resolved": "1.1.1",
        "contentHash": "WMcGpWKrmJmzrNeuaEb23bEMnbtR/vLmvZtkAP5qWu7vQsY59GqfRJd65sFpBszbd2k/bQ8cs8eWawQKAabkVg=="
      },
      "System.Collections.Immutable": {
        "type": "Transitive",
        "resolved": "1.7.0",
        "contentHash": "RVSM6wZUo6L2y6P3vN6gjUtyJ2IF2RVtrepF3J7nrDKfFQd5u/SnSUFclchYQis8/k5scHy9E+fVeKVQLnnkzw=="
      },
      "System.CommandLine": {
        "type": "Transitive",
        "resolved": "2.0.0-beta4.22272.1",
        "contentHash": "1uqED/q2H0kKoLJ4+hI2iPSBSEdTuhfCYADeJrAqERmiGQ2NNacYKRNEQ+gFbU4glgVyK8rxI+ZOe1onEtr/Pg=="
      },
      "System.ComponentModel.Annotations": {
        "type": "Transitive",
        "resolved": "4.7.0",
        "contentHash": "0YFqjhp/mYkDGpU0Ye1GjE53HMp9UVfGN7seGpAMttAC0C40v5gw598jCgpbBLMmCo0E5YRLBv5Z2doypO49ZQ=="
      },
      "System.Diagnostics.DiagnosticSource": {
        "type": "Transitive",
        "resolved": "4.7.1",
        "contentHash": "j81Lovt90PDAq8kLpaJfJKV/rWdWuEk6jfV+MBkee33vzYLEUsy4gXK8laa9V2nZlLM9VM9yA/OOQxxPEJKAMw=="
      },
      "System.IO.Hashing": {
        "type": "Transitive",
        "resolved": "7.0.0",
        "contentHash": "sDnWM0N3AMCa86LrKTWeF3BZLD2sgWyYUc7HL6z4+xyDZNQRwzmxbo4qP2rX2MqC+Sy1/gOSRDah5ltxY5jPxw=="
      },
      "System.IO.Pipelines": {
        "type": "Transitive",
        "resolved": "7.0.0",
        "contentHash": "jRn6JYnNPW6xgQazROBLSfpdoczRw694vO5kKvMcNnpXuolEixUyw6IBuBs2Y2mlSX/LdLvyyWmfXhaI3ND1Yg=="
      },
      "System.Memory": {
        "type": "Transitive",
        "resolved": "4.5.4",
        "contentHash": "1MbJTHS1lZ4bS4FmsJjnuGJOu88ZzTT2rLvrhW7Ygic+pC0NWA+3hgAen0HRdsocuQXCkUTdFn9yHJJhsijDXw=="
      },
      "System.Runtime.CompilerServices.Unsafe": {
        "type": "Transitive",
        "resolved": "6.0.0",
        "contentHash": "/iUeP3tq1S0XdNNoMz5C9twLSrM/TH+qElHkXWaPvuNOt+99G75NrV0OS2EqHx5wMN7popYjpc8oTjC1y16DLg=="
      },
      "System.Text.Encodings.Web": {
        "type": "Transitive",
        "resolved": "6.0.0",
        "contentHash": "Vg8eB5Tawm1IFqj4TVK1czJX89rhFxJo9ELqc/Eiq0eXy13RK00eubyU6TJE6y+GQXjyV5gSfiewDUZjQgSE0w==",
        "dependencies": {
          "System.Runtime.CompilerServices.Unsafe": "6.0.0"
        }
      },
      "System.Text.Json": {
        "type": "Transitive",
        "resolved": "6.0.7",
        "contentHash": "/Tf/9XjprpHolbcDOrxsKVYy/mUG/FS7aGd9YUgBVEiHeQH4kAE0T1sMbde7q6B5xcrNUsJ5iW7D1RvHudQNqA==",
        "dependencies": {
          "System.Runtime.CompilerServices.Unsafe": "6.0.0",
          "System.Text.Encodings.Web": "6.0.0"
        }
      },
      "System.Threading.Channels": {
        "type": "Transitive",
        "resolved": "4.7.0",
        "contentHash": "gdOOXBhtt2UpTxYJm1DRmoqNfYg5ypvhzhVt0vxKhzxXFjS81r8yIOSFsJYLRa1Jc14GBAqCnjxJstO3zBN7gg=="
      },
      "System.Threading.Tasks.Extensions": {
        "type": "Transitive",
        "resolved": "4.5.4",
        "contentHash": "zteT+G8xuGu6mS+mzDzYXbzS7rd3K6Fjb9RiZlYlJPam2/hU7JCBZBVEcywNuR+oZ1ncTvc/cq0faRr3P01OVg=="
      },
      "Yarp.ReverseProxy": {
        "type": "Transitive",
        "resolved": "2.0.1",
        "contentHash": "op7vBwONPFeR1PYxeLw+RLqSodODDX8RWd0OinLGMVIq6yi1q9mv1j56ImuyZgiAToksiC0Dc7jbRUZ9I+jvFA==",
        "dependencies": {
          "System.IO.Hashing": "7.0.0"
        }
      },
      "apollographql.hotchocolate.federation": {
        "type": "Project",
        "dependencies": {
          "HotChocolate": "[13.6.0-rc.0, )"
        }
      }
    }
  }
}