{
  "version": 1,
  "dependencies": {
    "net7.0": {
      "HotChocolate.AspNetCore": {
        "type": "Direct",
        "requested": "[13.5.1, )",
        "resolved": "13.5.1",
        "contentHash": "3K+ir7iPvSuKOKSaoySik7Z2zqwQnOUDWIzHW0Nvy4VexwLHSIeS/m+W0vpXil9m1iwpEJ2EirgBBuRrGffbQw==",
        "dependencies": {
          "BananaCakePop.Middleware": "7.0.4",
          "HotChocolate": "13.5.1",
          "HotChocolate.Subscriptions.InMemory": "13.5.1",
          "HotChocolate.Transport.Sockets": "13.5.1",
          "HotChocolate.Types.Scalars.Upload": "13.5.1"
        }
      },
      "HotChocolate.AspNetCore.CommandLine": {
        "type": "Direct",
        "requested": "[13.5.1, )",
        "resolved": "13.5.1",
        "contentHash": "Hjt+XqyNf43FExJd+xRapfpxggIWmlEu/GUgBxkmJooUAvjFuHZfeUTAEsqGe7hRpFJSwXNe133nRk/Nb+f+wg==",
        "dependencies": {
          "HotChocolate": "13.5.1",
          "System.CommandLine": "2.0.0-beta4.22272.1"
        }
      },
      "Microsoft.SourceLink.GitHub": {
        "type": "Direct",
        "requested": "[1.1.0, )",
        "resolved": "1.1.0",
        "contentHash": "DD/LF81k5ODHCfPnBCds97N6KKSS1X1NiDcJYUUpiTu5mmuPktZplhYFrAPQPktMBKvNMdwFrwJ7Fqa3tyTIuA==",
        "dependencies": {
          "Microsoft.Build.Tasks.Git": "1.1.0",
          "Microsoft.SourceLink.Common": "1.1.0"
        }
      },
      "BananaCakePop.Middleware": {
        "type": "Transitive",
        "resolved": "7.0.4",
        "contentHash": "MjXgiZ2WTmijyojmuiDMoqa2rokg0yNROwpe6yQibFre6D3CPdmCiIt48YE9+8ZBwgss5BK49iluktHFuf0XfQ==",
        "dependencies": {
          "Yarp.ReverseProxy": "2.0.1"
        }
      },
      "GreenDonut": {
        "type": "Transitive",
        "resolved": "13.5.1",
        "contentHash": "eFM3TM8pFIkjvX6I5AXWkaQdbhXYOXnwLvvG8kfSbLVQuABesrfCwwVIO1I/fzDpVi+wTtOMptloUn4ouoLrAw==",
        "dependencies": {
          "Microsoft.Extensions.ObjectPool": "3.1.4",
          "System.Diagnostics.DiagnosticSource": "4.7.0",
          "System.Threading.Tasks.Extensions": "4.5.0"
        }
      },
      "HotChocolate": {
        "type": "Transitive",
        "resolved": "13.5.1",
        "contentHash": "quOF5LzRpT4PUyLqgyLWk5qfdVfbynRHW0IC4wRbdWiNEBtLxluemufiqMsjWoGgiv6XXjy8lnhTUFtk5t6+yQ==",
        "dependencies": {
          "HotChocolate.Authorization": "13.5.1",
          "HotChocolate.Execution": "13.5.1",
          "HotChocolate.Fetching": "13.5.1",
          "HotChocolate.Types": "13.5.1",
          "HotChocolate.Types.CursorPagination": "13.5.1",
          "HotChocolate.Types.Mutations": "13.5.1",
          "HotChocolate.Types.OffsetPagination": "13.5.1",
          "HotChocolate.Validation": "13.5.1"
        }
      },
      "HotChocolate.Abstractions": {
        "type": "Transitive",
        "resolved": "13.5.1",
        "contentHash": "cpZZx2CpKHPcscylS8uT4jBk0Wqk1c0o+m3FrK49bLF5ZnwJsoyUnxFohZQJEx/vIgZgjCChYnshWyd81yTOwQ==",
        "dependencies": {
          "HotChocolate.Language": "13.5.1",
          "Microsoft.Bcl.AsyncInterfaces": "1.1.0",
          "System.Collections.Immutable": "1.7.0"
        }
      },
      "HotChocolate.Authorization": {
        "type": "Transitive",
        "resolved": "13.5.1",
        "contentHash": "P2HiUS2crf4QDCZ+Gkw1i3SPH+Smqr6VLTkJ6kblP8WXK3pcSJ5LJGylE4jDkQr4I6yYf2dgxZo0aHpejZqYLg==",
        "dependencies": {
          "HotChocolate.Execution": "13.5.1"
        }
      },
      "HotChocolate.Execution": {
        "type": "Transitive",
        "resolved": "13.5.1",
        "contentHash": "br01JgIltNFXRJdli39gHZwtnQwyERtYFVamh9q5750fZMuy7afiibjrSJ5gVmrYiYsLH7/IXK7kX9pffmLcsA==",
        "dependencies": {
          "HotChocolate.Abstractions": "13.5.1",
          "HotChocolate.Execution.Abstractions": "13.5.1",
          "HotChocolate.Fetching": "13.5.1",
          "HotChocolate.Types": "13.5.1",
          "HotChocolate.Validation": "13.5.1",
          "Microsoft.Extensions.DependencyInjection": "3.1.4",
          "Microsoft.Extensions.DiagnosticAdapter": "3.1.4",
          "System.Threading.Channels": "4.7.0"
        }
      },
      "HotChocolate.Execution.Abstractions": {
        "type": "Transitive",
        "resolved": "13.5.1",
        "contentHash": "3XftujTHE/nT7uIQk64GZjemMGylPz4iO2nLxWRC+Go/bd1j+xV+xC+Z1f5hcfO5tZTyC4sfuaH7DIu1TQp6Yw==",
        "dependencies": {
          "HotChocolate.Abstractions": "13.5.1",
          "Microsoft.Extensions.DependencyInjection.Abstractions": "3.1.4"
        }
      },
      "HotChocolate.Fetching": {
        "type": "Transitive",
        "resolved": "13.5.1",
        "contentHash": "Rf/bGf1lSaa8bxmRfUBeD6GCBvIRofQtp0z7HBIn7OflxFP7g9TekQcfokOU3yp7S3lQQ4QNn+EaAuOYM2IEYg==",
        "dependencies": {
          "GreenDonut": "13.5.1",
          "HotChocolate.Types": "13.5.1"
        }
      },
      "HotChocolate.Language": {
        "type": "Transitive",
        "resolved": "13.5.1",
        "contentHash": "UNhJv1RRzc7/UqTKWtP6FEaCJAENaa7iZ2lhDIoDieI28q/SItMc8jeSovOLnVdlVpDLyQIPuv97Qq9FrXCE0Q==",
        "dependencies": {
          "HotChocolate.Language.SyntaxTree": "13.5.1",
          "HotChocolate.Language.Utf8": "13.5.1",
          "HotChocolate.Language.Visitors": "13.5.1",
          "HotChocolate.Language.Web": "13.5.1"
        }
      },
      "HotChocolate.Language.SyntaxTree": {
        "type": "Transitive",
        "resolved": "13.5.1",
        "contentHash": "cY1e7BNuMcVITcMhAT2JJP6lpi/2Imj1GmAe7MnsEA9ZzAoifoRT0VAzFLLZtOdcR3YnYLqdm7xhM1cgJlvHhg==",
        "dependencies": {
          "Microsoft.Extensions.ObjectPool": "3.1.4"
        }
      },
      "HotChocolate.Language.Utf8": {
        "type": "Transitive",
        "resolved": "13.5.1",
        "contentHash": "6JEHp/6QXX7MfuuHywoIbUr5/+YB7ByDS1b9NkJ8hECDAiZcnBihE6NIVoYNObR685muqBGHGgAGK6bPX+kXqg==",
        "dependencies": {
          "HotChocolate.Language.SyntaxTree": "13.5.1"
        }
      },
      "HotChocolate.Language.Visitors": {
        "type": "Transitive",
        "resolved": "13.5.1",
        "contentHash": "92Y1A1/2M6n//N4N+M/wv5RPHnuVrrkWWvEgtQ+1VzMipFWjN+zXQFgeXqihT3CNxvj0AKOj9DudbHzChrstSA==",
        "dependencies": {
          "HotChocolate.Language.SyntaxTree": "13.5.1"
        }
      },
      "HotChocolate.Language.Web": {
        "type": "Transitive",
        "resolved": "13.5.1",
        "contentHash": "A1iNb0+rTaDPOtT1L2rLx4dyOfpTvn7ZjFbyw0LM6RHKcC2/peZfbuV5pi4qQXOP6KevIOayGxsmAu0nzwR6EQ==",
        "dependencies": {
          "HotChocolate.Language.Utf8": "13.5.1"
        }
      },
      "HotChocolate.Subscriptions": {
        "type": "Transitive",
        "resolved": "13.5.1",
        "contentHash": "wOsaF9LkiV7JJ9kGaDoASWSJK+JW3/+DHFvI+m/DOrjUTBeIGGag/YqsX2PABumyrMEeSw7oAXbqXMsCeQpOlA==",
        "dependencies": {
          "HotChocolate.Abstractions": "13.5.1",
          "HotChocolate.Execution.Abstractions": "13.5.1"
        }
      },
      "HotChocolate.Subscriptions.InMemory": {
        "type": "Transitive",
        "resolved": "13.5.1",
        "contentHash": "ICNogt0xn426E52VDqvsZI0ludrVMnPj8uxlMVXrVeItZa/ImM+bbevsX79x6e02ZilSHFAyhZXTnrJfAt74lg==",
        "dependencies": {
          "HotChocolate.Execution.Abstractions": "13.5.1",
          "HotChocolate.Subscriptions": "13.5.1",
          "Microsoft.Extensions.DependencyInjection.Abstractions": "3.1.4"
        }
      },
      "HotChocolate.Transport.Sockets": {
        "type": "Transitive",
        "resolved": "13.5.1",
        "contentHash": "Ac4Bprq3+uRFbzpAax1xl89YQP/GPkozvcNsggQ2tGP90fxChMZRieScUY3F+sUP9tmpyqpyTgo8jvT9C5fjww==",
        "dependencies": {
          "System.IO.Pipelines": "4.7.0"
        }
      },
      "HotChocolate.Types": {
        "type": "Transitive",
        "resolved": "13.5.1",
        "contentHash": "izoKA02vxG2UVU+qXXTUcXrL5kN3PCZbMW3Y0VJMkvetZmaWcLPSzkFjG4ud1tz9xpc7t+RNtIXNgvxh1E5LEg==",
        "dependencies": {
          "HotChocolate.Abstractions": "13.5.1",
          "HotChocolate.Utilities": "13.5.1",
          "HotChocolate.Utilities.Introspection": "13.5.1",
          "Microsoft.Extensions.DependencyInjection.Abstractions": "3.1.4",
          "Microsoft.Extensions.ObjectPool": "3.1.4",
          "System.ComponentModel.Annotations": "4.7.0",
          "System.Text.Json": "6.0.7"
        }
      },
      "HotChocolate.Types.CursorPagination": {
        "type": "Transitive",
        "resolved": "13.5.1",
        "contentHash": "j9z+OfDz51DOO/HB1pjwTzzyCWbzV105xkaSvDV0HM/rPC458DxQ6tDevC330GVyu5vTTOKsFZ0I6DjgwXIMNg==",
        "dependencies": {
          "HotChocolate.Execution": "13.5.1",
          "HotChocolate.Types": "13.5.1"
        }
      },
      "HotChocolate.Types.Mutations": {
        "type": "Transitive",
        "resolved": "13.5.1",
        "contentHash": "8uXv65Uv0BodkK89nlYI4OU/ZLjTOLpqaRucq6IvrQEwJzL2X9QHmZyxFvh7LDLErS+11xicrKlDycnhOQ+ejA==",
        "dependencies": {
          "HotChocolate.Execution": "13.5.1",
          "HotChocolate.Types": "13.5.1"
        }
      },
      "HotChocolate.Types.OffsetPagination": {
        "type": "Transitive",
        "resolved": "13.5.1",
        "contentHash": "GMnwrLF3rWIc6IQGkZhJ+bS8ivVHKeFW7afER03HQ0FTxIlu55F1n4Rze4QhgvphvvcMvaZ8XA8XpDqFff1Tog==",
        "dependencies": {
          "HotChocolate.Execution": "13.5.1",
          "HotChocolate.Types": "13.5.1"
        }
      },
      "HotChocolate.Types.Scalars.Upload": {
        "type": "Transitive",
        "resolved": "13.5.1",
        "contentHash": "OhZkx1ePpRdn4GYoJM83mdSwtGnoJmjr/dsdVhsEn4/n/4ZSsbTZ0pDrCJ6jdL4D/6OV0IzuqGzHb+bGYizykA==",
        "dependencies": {
          "HotChocolate.Types": "13.5.1"
        }
      },
      "HotChocolate.Utilities": {
        "type": "Transitive",
        "resolved": "13.5.1",
        "contentHash": "9V57LALoCjWGOMYJoe+UvnoOT6/+YMDu3pCyMJqSPhNsCNzi/dVQaRWGCjZ+RskbQAtJL0jShTfwS0ufPG/atA==",
        "dependencies": {
          "Microsoft.Bcl.AsyncInterfaces": "1.1.0",
          "System.Memory": "4.5.4",
          "System.Threading.Tasks.Extensions": "4.5.4"
        }
      },
      "HotChocolate.Utilities.Introspection": {
        "type": "Transitive",
        "resolved": "13.5.1",
        "contentHash": "7kj3yqmH4EfSGTnbL117ichCxKpc4N3F1uHfxOyBlnWXdv82/0hQHwHviVos/gJq6AqF0PB8oEeqsnwwSfw6UA==",
        "dependencies": {
          "HotChocolate.Language": "13.5.1",
          "System.Text.Json": "6.0.7"
        }
      },
      "HotChocolate.Validation": {
        "type": "Transitive",
        "resolved": "13.5.1",
        "contentHash": "NVobjVhcEROn6Oa079zpzNfPR7FGb8CWz2UQlg25g7BBPUapeN+mdgwABMgVMrvnjosfb6M6WMT78wFPfQwnZw==",
        "dependencies": {
          "HotChocolate.Types": "13.5.1",
          "Microsoft.Extensions.DependencyInjection.Abstractions": "3.1.4",
          "Microsoft.Extensions.Options": "3.1.4"
        }
      },
      "Microsoft.Bcl.AsyncInterfaces": {
        "type": "Transitive",
        "resolved": "1.1.0",
        "contentHash": "1Am6l4Vpn3/K32daEqZI+FFr96OlZkgwK2LcT3pZ2zWubR5zTPW3/FkO1Rat9kb7oQOa4rxgl9LJHc5tspCWfg=="
      },
      "Microsoft.Build.Tasks.Git": {
        "type": "Transitive",
        "resolved": "1.1.0",
        "contentHash": "DD84CsvKf+hfDBbYXIvBXeY7JGfbtoIMMjlPGVaKIp6aWoIdL5EJbWvk+skGkM7/Weezj3q1a89nTPAcGlGcpw=="
      },
      "Microsoft.Extensions.DependencyInjection": {
        "type": "Transitive",
        "resolved": "3.1.4",
        "contentHash": "dAWhz6BEjUFIVLUPbT1s1sUrPTwbUWdw2iBRRe3ej3xXcKS+oo64dKrIWFxRjYP6TWyESpGFNY5NGeA5FcHVlg==",
        "dependencies": {
          "Microsoft.Extensions.DependencyInjection.Abstractions": "3.1.4"
        }
      },
      "Microsoft.Extensions.DependencyInjection.Abstractions": {
        "type": "Transitive",
        "resolved": "3.1.4",
        "contentHash": "AceHamXNKDMDwIoZqEoApLp8s3935wSC3VXrPaRWa0wWOaEcYdDlo1nWQ1zLiezoDmpJzV7FqDm53E0Ty/hEMg=="
      },
      "Microsoft.Extensions.DiagnosticAdapter": {
        "type": "Transitive",
        "resolved": "3.1.4",
        "contentHash": "JiYsxaO6FnH477kGwQLZoj1+XFgwA1ZOjnmypgGhxeLdsmL4o29dP1vfOwmwsU9+nJ5ugtqq4Xs4DcVAGSLt3w==",
        "dependencies": {
          "System.Diagnostics.DiagnosticSource": "4.7.1"
        }
      },
      "Microsoft.Extensions.ObjectPool": {
        "type": "Transitive",
        "resolved": "3.1.4",
        "contentHash": "ZmgpBTnKA2OSJjtL5A1tNSWAQn8I0ELJMW+oKMZVmVHhjG8IyqlhqkfXT9jxgPp8ddCt4t4oXsKn1HAz+sJO1A=="
      },
      "Microsoft.Extensions.Options": {
        "type": "Transitive",
        "resolved": "3.1.4",
        "contentHash": "ntWmD8i6UmAo0nn5MiCXIVl3+75aybVHgP/NxL9B16zwsbGkSfs+66BullsGEDNvrimgIFVDO+iB/h0yWfATWg==",
        "dependencies": {
          "Microsoft.Extensions.DependencyInjection.Abstractions": "3.1.4",
          "Microsoft.Extensions.Primitives": "3.1.4"
        }
      },
      "Microsoft.Extensions.Primitives": {
        "type": "Transitive",
        "resolved": "3.1.4",
        "contentHash": "tLR9n5ltwA56nr1t5M6q5IBfGLXtMS+XgumtqVENmtPQOWUD+m0Kgo1U6GWr06Y875WUN3sOGnmqkvW4an7fYA=="
      },
      "Microsoft.SourceLink.Common": {
        "type": "Transitive",
        "resolved": "1.1.0",
        "contentHash": "TyGnSaCanfxunClp2af9jpXY127q7g5tiOv0XN/JGcalyKwYusYp06BUGSmCopg/GhmJJSiR/9PS0suXHCGxtw=="
      },
      "System.Collections.Immutable": {
        "type": "Transitive",
        "resolved": "1.7.0",
        "contentHash": "RVSM6wZUo6L2y6P3vN6gjUtyJ2IF2RVtrepF3J7nrDKfFQd5u/SnSUFclchYQis8/k5scHy9E+fVeKVQLnnkzw=="
      },
      "System.CommandLine": {
        "type": "Transitive",
        "resolved": "2.0.0-beta4.22272.1",
        "contentHash": "1uqED/q2H0kKoLJ4+hI2iPSBSEdTuhfCYADeJrAqERmiGQ2NNacYKRNEQ+gFbU4glgVyK8rxI+ZOe1onEtr/Pg=="
      },
      "System.ComponentModel.Annotations": {
        "type": "Transitive",
        "resolved": "4.7.0",
        "contentHash": "0YFqjhp/mYkDGpU0Ye1GjE53HMp9UVfGN7seGpAMttAC0C40v5gw598jCgpbBLMmCo0E5YRLBv5Z2doypO49ZQ=="
      },
      "System.Diagnostics.DiagnosticSource": {
        "type": "Transitive",
        "resolved": "4.7.1",
        "contentHash": "j81Lovt90PDAq8kLpaJfJKV/rWdWuEk6jfV+MBkee33vzYLEUsy4gXK8laa9V2nZlLM9VM9yA/OOQxxPEJKAMw=="
      },
      "System.IO.Hashing": {
        "type": "Transitive",
        "resolved": "7.0.0",
        "contentHash": "sDnWM0N3AMCa86LrKTWeF3BZLD2sgWyYUc7HL6z4+xyDZNQRwzmxbo4qP2rX2MqC+Sy1/gOSRDah5ltxY5jPxw=="
      },
      "System.IO.Pipelines": {
        "type": "Transitive",
        "resolved": "4.7.0",
        "contentHash": "S0L7oyWyQdVzD+5xIvcC8h44Vc+FY+qXDCLRh2+YsuBDORNphcxNX+tXR6ByLMjQ/7jDaXxsYBF6qbAr7ZIaFw=="
      },
      "System.Memory": {
        "type": "Transitive",
        "resolved": "4.5.4",
        "contentHash": "1MbJTHS1lZ4bS4FmsJjnuGJOu88ZzTT2rLvrhW7Ygic+pC0NWA+3hgAen0HRdsocuQXCkUTdFn9yHJJhsijDXw=="
      },
      "System.Runtime.CompilerServices.Unsafe": {
        "type": "Transitive",
        "resolved": "6.0.0",
        "contentHash": "/iUeP3tq1S0XdNNoMz5C9twLSrM/TH+qElHkXWaPvuNOt+99G75NrV0OS2EqHx5wMN7popYjpc8oTjC1y16DLg=="
      },
      "System.Text.Encodings.Web": {
        "type": "Transitive",
        "resolved": "6.0.0",
        "contentHash": "Vg8eB5Tawm1IFqj4TVK1czJX89rhFxJo9ELqc/Eiq0eXy13RK00eubyU6TJE6y+GQXjyV5gSfiewDUZjQgSE0w==",
        "dependencies": {
          "System.Runtime.CompilerServices.Unsafe": "6.0.0"
        }
      },
      "System.Text.Json": {
        "type": "Transitive",
        "resolved": "6.0.7",
        "contentHash": "/Tf/9XjprpHolbcDOrxsKVYy/mUG/FS7aGd9YUgBVEiHeQH4kAE0T1sMbde7q6B5xcrNUsJ5iW7D1RvHudQNqA==",
        "dependencies": {
          "System.Runtime.CompilerServices.Unsafe": "6.0.0",
          "System.Text.Encodings.Web": "6.0.0"
        }
      },
      "System.Threading.Channels": {
        "type": "Transitive",
        "resolved": "4.7.0",
        "contentHash": "gdOOXBhtt2UpTxYJm1DRmoqNfYg5ypvhzhVt0vxKhzxXFjS81r8yIOSFsJYLRa1Jc14GBAqCnjxJstO3zBN7gg=="
      },
      "System.Threading.Tasks.Extensions": {
        "type": "Transitive",
        "resolved": "4.5.4",
        "contentHash": "zteT+G8xuGu6mS+mzDzYXbzS7rd3K6Fjb9RiZlYlJPam2/hU7JCBZBVEcywNuR+oZ1ncTvc/cq0faRr3P01OVg=="
      },
      "Yarp.ReverseProxy": {
        "type": "Transitive",
        "resolved": "2.0.1",
        "contentHash": "op7vBwONPFeR1PYxeLw+RLqSodODDX8RWd0OinLGMVIq6yi1q9mv1j56ImuyZgiAToksiC0Dc7jbRUZ9I+jvFA==",
        "dependencies": {
          "System.IO.Hashing": "7.0.0"
        }
      },
      "ApolloGraphQL.HotChocolate.Federation": {
        "type": "Project",
        "dependencies": {
          "HotChocolate": "[13.5.1, )"
        }
      }
    }
  }
}