{
  "version": 1,
  "dependencies": {
    "net7.0": {
      "HotChocolate.AspNetCore": {
        "type": "Direct",
        "requested": "[13.6.0, )",
        "resolved": "13.6.0",
        "contentHash": "vr45ukH4w64+3T4CLEXRtEn+uJ903UurR895G0jkmVO4tkTcHuH9kpXD4OtJjnwbYLlZeyivZ6HUch+HakpM6g==",
        "dependencies": {
          "BananaCakePop.Middleware": "7.0.4",
          "HotChocolate": "13.6.0",
          "HotChocolate.Subscriptions.InMemory": "13.6.0",
          "HotChocolate.Transport.Sockets": "13.6.0",
          "HotChocolate.Types.Scalars.Upload": "13.6.0"
        }
      },
      "HotChocolate.AspNetCore.CommandLine": {
        "type": "Direct",
        "requested": "[13.6.0, )",
        "resolved": "13.6.0",
        "contentHash": "b9UlSa2UEd7A7odJTcVGsg5nhk9KTH7sOFqPwYKl8yq7se8N21+wE3gNfb0vyeur612uAurd8Cr9TBnAX8xRhA==",
        "dependencies": {
          "HotChocolate": "13.6.0",
          "System.CommandLine": "2.0.0-beta4.22272.1"
        }
      },
      "Microsoft.SourceLink.GitHub": {
        "type": "Direct",
        "requested": "[1.1.1, )",
        "resolved": "1.1.1",
        "contentHash": "IaJGnOv/M7UQjRJks7B6p7pbPnOwisYGOIzqCz5ilGFTApZ3ktOR+6zJ12ZRPInulBmdAf1SrGdDG2MU8g6XTw==",
        "dependencies": {
          "Microsoft.Build.Tasks.Git": "1.1.1",
          "Microsoft.SourceLink.Common": "1.1.1"
        }
      },
      "BananaCakePop.Middleware": {
        "type": "Transitive",
        "resolved": "7.0.4",
        "contentHash": "MjXgiZ2WTmijyojmuiDMoqa2rokg0yNROwpe6yQibFre6D3CPdmCiIt48YE9+8ZBwgss5BK49iluktHFuf0XfQ==",
        "dependencies": {
          "Yarp.ReverseProxy": "2.0.1"
        }
      },
      "GreenDonut": {
        "type": "Transitive",
        "resolved": "13.6.0",
        "contentHash": "eUwasH2oUFrD/MAltSlhySCm9n3PGJPH0taCX1E9V7cw8TfMHiBjifPRW8KlAO971bs63qD6mb8E8JDX/bfuIw==",
        "dependencies": {
          "Microsoft.Extensions.ObjectPool": "7.0.0",
          "System.Diagnostics.DiagnosticSource": "7.0.0",
          "System.Threading.Tasks.Extensions": "4.5.0"
        }
      },
      "HotChocolate": {
        "type": "Transitive",
        "resolved": "13.6.0",
        "contentHash": "YxTETOhr2tjijptwyleUryRkZ9VvR5hSBa6DVrYT++l/187fKsfaoTVPlDNI9aaxuEzjsuJ4WCv0XW34WEfHFQ==",
        "dependencies": {
          "HotChocolate.Authorization": "13.6.0",
          "HotChocolate.Execution": "13.6.0",
          "HotChocolate.Fetching": "13.6.0",
          "HotChocolate.Types": "13.6.0",
          "HotChocolate.Types.CursorPagination": "13.6.0",
          "HotChocolate.Types.Mutations": "13.6.0",
          "HotChocolate.Types.OffsetPagination": "13.6.0",
          "HotChocolate.Validation": "13.6.0"
        }
      },
      "HotChocolate.Abstractions": {
        "type": "Transitive",
        "resolved": "13.6.0",
        "contentHash": "ybj0H9HrfSSvDk2ialGTpElIdQZXf2YvqDyToQijArQnhcj+wAxz9y2cPCvvaWKCp0W7nz9L4yS3xEUTKjlGFg==",
        "dependencies": {
          "HotChocolate.Language": "13.6.0",
          "System.Collections.Immutable": "7.0.0"
        }
      },
      "HotChocolate.Authorization": {
        "type": "Transitive",
        "resolved": "13.6.0",
        "contentHash": "dI3RQUvK9uBVL/eVNuZhf0UuiLkDHRLZ90z8Rl6WTZPNh9vaJO6H7RlaYGwsFBdXwhBelFvD50TXpZ+C2pwmyQ==",
        "dependencies": {
          "HotChocolate.Execution": "13.6.0"
        }
      },
      "HotChocolate.Execution": {
        "type": "Transitive",
        "resolved": "13.6.0",
        "contentHash": "RinmwH451zuBj026aamtYekaIOlk6TZdQzsFiICxjR3lIbO2lZt31t7tMUmpVNd0FjkNRe9ECRZglE8CaGpUiw==",
        "dependencies": {
          "HotChocolate.Abstractions": "13.6.0",
          "HotChocolate.Execution.Abstractions": "13.6.0",
          "HotChocolate.Fetching": "13.6.0",
          "HotChocolate.Types": "13.6.0",
          "HotChocolate.Validation": "13.6.0",
          "Microsoft.Extensions.DependencyInjection": "7.0.0",
          "System.Threading.Channels": "7.0.0"
        }
      },
      "HotChocolate.Execution.Abstractions": {
        "type": "Transitive",
        "resolved": "13.6.0",
        "contentHash": "GjqIIvqNcUJLmJR7zXIKZVAH41PpUcuWpCOCXcwRmVPR020qFqOrRuXkwTQsSVQCCfvcxYa6KL+vCUIFw7DHLQ==",
        "dependencies": {
          "HotChocolate.Abstractions": "13.6.0",
          "Microsoft.Extensions.DependencyInjection.Abstractions": "7.0.0"
        }
      },
      "HotChocolate.Fetching": {
        "type": "Transitive",
        "resolved": "13.6.0",
        "contentHash": "gCnf/gFDi6tfrJ/fOroiencQFuokoP9mnGtN2dbOtuSkeMzz2V01zFxb/dC8QJudpMDPYuP1ynXaxMgdfUuZgw==",
        "dependencies": {
          "GreenDonut": "13.6.0",
          "HotChocolate.Types": "13.6.0"
        }
      },
      "HotChocolate.Language": {
        "type": "Transitive",
        "resolved": "13.6.0",
        "contentHash": "E8saeHpvc1Ge8VaTfK1V+K/425wPPmGW7zgCe0vPiEZfPtfJreXITTwGJbH338tWsgtULMAKndPeYpq9LCSGUg==",
        "dependencies": {
          "HotChocolate.Language.SyntaxTree": "13.6.0",
          "HotChocolate.Language.Utf8": "13.6.0",
          "HotChocolate.Language.Visitors": "13.6.0",
          "HotChocolate.Language.Web": "13.6.0"
        }
      },
      "HotChocolate.Language.SyntaxTree": {
        "type": "Transitive",
        "resolved": "13.6.0",
        "contentHash": "IK+0JG8Y2QdM1k0k67eZ7pV1fD4azgAiuVfqQ6WvP6XbN14ZMqMsafefZ+0qbQMpYUlcseBRf41BfvP1MV2zwQ==",
        "dependencies": {
          "Microsoft.Extensions.ObjectPool": "7.0.0"
        }
      },
      "HotChocolate.Language.Utf8": {
        "type": "Transitive",
        "resolved": "13.6.0",
        "contentHash": "9p4ZqOE4ZjgDVg21VYhW7krcZHS9o2Pmm6HXDkwc61qDPxfF+KAU/lrWQu445N7IoqrZ6Te6BCpNUDovyjI9bg==",
        "dependencies": {
          "HotChocolate.Language.SyntaxTree": "13.6.0"
        }
      },
      "HotChocolate.Language.Visitors": {
        "type": "Transitive",
        "resolved": "13.6.0",
        "contentHash": "+PSw9lBTVrEQa9k7hCNesp5N4oxtRpKeO0kJeySeJNEn+Wk4wVmhve9ey/d1+4e4wrYgCqXvWrdfUaYXdQ5teQ==",
        "dependencies": {
          "HotChocolate.Language.SyntaxTree": "13.6.0"
        }
      },
      "HotChocolate.Language.Web": {
        "type": "Transitive",
        "resolved": "13.6.0",
        "contentHash": "krwpIA5l0tMjMln0Wg8qrCyAvOTwRJ3Ns7qWxhKwhSNhUVAD4SndH4clsc9amkxgqfstj2aoSO+g7YLssVOAAQ==",
        "dependencies": {
          "HotChocolate.Language.Utf8": "13.6.0"
        }
      },
      "HotChocolate.Subscriptions": {
        "type": "Transitive",
        "resolved": "13.6.0",
        "contentHash": "eCkec0MimOvS+jI/rlzeWf6qMwzICfz2l0982dGFrU+Zrj76c0nDmXKXbsvbKBpPxRIeFdj3cri0ZJW/aCy0mg==",
        "dependencies": {
          "HotChocolate.Abstractions": "13.6.0",
          "HotChocolate.Execution.Abstractions": "13.6.0"
        }
      },
      "HotChocolate.Subscriptions.InMemory": {
        "type": "Transitive",
        "resolved": "13.6.0",
        "contentHash": "k+thiedvVJJ/CvO+89Hns8V0okGdXQHT35Dahq3t6BtE+hRMHjm5ph8jA9hYeTCx8nYXz2LWTzOkU+MfKV+aEQ==",
        "dependencies": {
          "HotChocolate.Execution.Abstractions": "13.6.0",
          "HotChocolate.Subscriptions": "13.6.0",
          "Microsoft.Extensions.DependencyInjection.Abstractions": "7.0.0"
        }
      },
      "HotChocolate.Transport.Sockets": {
        "type": "Transitive",
        "resolved": "13.6.0",
        "contentHash": "7elLgReb60SlcpOmItFw46LSnS08RclGUJMaygHY79CJU9MWWannGkSaIun5G8BXVchEtQiG3I8Dpx/HO2jq8A==",
        "dependencies": {
          "System.IO.Pipelines": "7.0.0"
        }
      },
      "HotChocolate.Types": {
        "type": "Transitive",
        "resolved": "13.6.0",
        "contentHash": "fkpNtxS8M3p91PtZwwHcPv/cVQcDUoeYxEL04wGctisk1jqUC4qlJpoJyuKleyW6foRPg6aUQ88Mg7bYkZ9QnA==",
        "dependencies": {
          "HotChocolate.Abstractions": "13.6.0",
          "HotChocolate.Types.Shared": "13.6.0",
          "HotChocolate.Utilities": "13.6.0",
          "Microsoft.Extensions.DependencyInjection.Abstractions": "7.0.0",
          "Microsoft.Extensions.ObjectPool": "7.0.0",
          "System.ComponentModel.Annotations": "5.0.0",
          "System.Text.Json": "7.0.0"
        }
      },
      "HotChocolate.Types.CursorPagination": {
        "type": "Transitive",
        "resolved": "13.6.0",
        "contentHash": "htVJqmI+34YXFSWo0D8Fy+mA9MqIBlIBpOzQ/XEJdfAu+VDG0+FWZBW8bwvLMo9UN8MZuf+NXJK2GlfpqSzYHQ==",
        "dependencies": {
          "HotChocolate.Execution": "13.6.0",
          "HotChocolate.Types": "13.6.0"
        }
      },
      "HotChocolate.Types.Mutations": {
        "type": "Transitive",
        "resolved": "13.6.0",
        "contentHash": "lY2bPcxf8RMHuRwAP6fimONoGcqOz1U1v647zvoFK4cwLPSr9Zheyve0p8sq3qSib+eqyhC/mGyBXI89+Cg6zg==",
        "dependencies": {
          "HotChocolate.Execution": "13.6.0",
          "HotChocolate.Types": "13.6.0"
        }
      },
      "HotChocolate.Types.OffsetPagination": {
        "type": "Transitive",
        "resolved": "13.6.0",
        "contentHash": "zE22d2lYDFlrEeT0W5iccuuM2qjefUabEDjyHd62QdmMiIHgx9lBfw0lQX3E+A76yLjK5GvdH+lc45TT4i9HdQ==",
        "dependencies": {
          "HotChocolate.Execution": "13.6.0",
          "HotChocolate.Types": "13.6.0"
        }
      },
      "HotChocolate.Types.Scalars.Upload": {
        "type": "Transitive",
        "resolved": "13.6.0",
        "contentHash": "vB/xLZRR7+nq2BdqYQ3jdEUOB/73hYq3OSiTA5P8C/LGMvE2CIli1RaK3zGiZ0V/n1Fq+qOyaX5UNFQjH4Da2w==",
        "dependencies": {
          "HotChocolate.Types": "13.6.0"
        }
      },
      "HotChocolate.Types.Shared": {
        "type": "Transitive",
        "resolved": "13.6.0",
        "contentHash": "MLnATuryOV9KM7MLdxkJb5jiZ6eW0nuq+YPeROm3UP+Kd1PpF56ywtNHkGMqzqVk6uyAdM8m7WlEoFx6KXvs1Q==",
        "dependencies": {
          "HotChocolate.Language.SyntaxTree": "13.6.0"
        }
      },
      "HotChocolate.Utilities": {
        "type": "Transitive",
        "resolved": "13.6.0",
        "contentHash": "z24wobz6lxUXJxSSvtaRLVj5LfXZKPlOnWkV/B4JLHdWa9VKmBpfJ3uAAC6BzaJvkqQIA7EEk1UmnaIAXoHZLA=="
      },
      "HotChocolate.Validation": {
        "type": "Transitive",
        "resolved": "13.6.0",
        "contentHash": "R/PjxYivdOvB+ugYrMgAVQZBRccT/+yAiTBh+OPxobHCBRXaqpDSPBY9g4gbdiXZdKzbzcQRAY+rGbihZcDUvQ==",
        "dependencies": {
          "HotChocolate.Types": "13.6.0",
          "Microsoft.Extensions.DependencyInjection.Abstractions": "7.0.0",
          "Microsoft.Extensions.Options": "7.0.0"
        }
      },
      "Microsoft.Build.Tasks.Git": {
        "type": "Transitive",
        "resolved": "1.1.1",
        "contentHash": "AT3HlgTjsqHnWpBHSNeR0KxbLZD7bztlZVj7I8vgeYG9SYqbeFGh0TM/KVtC6fg53nrWHl3VfZFvb5BiQFcY6Q=="
      },
      "Microsoft.Extensions.DependencyInjection": {
        "type": "Transitive",
        "resolved": "7.0.0",
        "contentHash": "elNeOmkeX3eDVG6pYVeV82p29hr+UKDaBhrZyWvWLw/EVZSYEkZlQdkp0V39k/Xehs2Qa0mvoCvkVj3eQxNQ1Q==",
        "dependencies": {
          "Microsoft.Extensions.DependencyInjection.Abstractions": "7.0.0"
        }
      },
      "Microsoft.Extensions.DependencyInjection.Abstractions": {
        "type": "Transitive",
        "resolved": "7.0.0",
        "contentHash": "h3j/QfmFN4S0w4C2A6X7arXij/M/OVw3uQHSOFxnND4DyAzO1F9eMX7Eti7lU/OkSthEE0WzRsfT/Dmx86jzCw=="
      },
      "Microsoft.Extensions.ObjectPool": {
        "type": "Transitive",
        "resolved": "7.0.0",
        "contentHash": "udvKco0sAVgYGTBnHUb0tY9JQzJ/nPDiv/8PIyz69wl1AibeCDZOLVVI+6156dPfHmJH7ws5oUJRiW4ZmAvuuA=="
      },
      "Microsoft.Extensions.Options": {
        "type": "Transitive",
        "resolved": "7.0.0",
        "contentHash": "lP1yBnTTU42cKpMozuafbvNtQ7QcBjr/CcK3bYOGEMH55Fjt+iecXjT6chR7vbgCMqy3PG3aNQSZgo/EuY/9qQ==",
        "dependencies": {
          "Microsoft.Extensions.DependencyInjection.Abstractions": "7.0.0",
          "Microsoft.Extensions.Primitives": "7.0.0"
        }
      },
      "Microsoft.Extensions.Primitives": {
        "type": "Transitive",
        "resolved": "7.0.0",
        "contentHash": "um1KU5kxcRp3CNuI8o/GrZtD4AIOXDk+RLsytjZ9QPok3ttLUelLKpilVPuaFT3TFjOhSibUAso0odbOaCDj3Q=="
      },
      "Microsoft.SourceLink.Common": {
        "type": "Transitive",
        "resolved": "1.1.1",
        "contentHash": "WMcGpWKrmJmzrNeuaEb23bEMnbtR/vLmvZtkAP5qWu7vQsY59GqfRJd65sFpBszbd2k/bQ8cs8eWawQKAabkVg=="
      },
      "System.Collections.Immutable": {
        "type": "Transitive",
        "resolved": "7.0.0",
        "contentHash": "dQPcs0U1IKnBdRDBkrCTi1FoajSTBzLcVTpjO4MBCMC7f4pDOIPzgBoX8JjG7X6uZRJ8EBxsi8+DR1JuwjnzOQ=="
      },
      "System.CommandLine": {
        "type": "Transitive",
        "resolved": "2.0.0-beta4.22272.1",
        "contentHash": "1uqED/q2H0kKoLJ4+hI2iPSBSEdTuhfCYADeJrAqERmiGQ2NNacYKRNEQ+gFbU4glgVyK8rxI+ZOe1onEtr/Pg=="
      },
      "System.ComponentModel.Annotations": {
        "type": "Transitive",
        "resolved": "5.0.0",
        "contentHash": "dMkqfy2el8A8/I76n2Hi1oBFEbG1SfxD2l5nhwXV3XjlnOmwxJlQbYpJH4W51odnU9sARCSAgv7S3CyAFMkpYg=="
      },
      "System.Diagnostics.DiagnosticSource": {
        "type": "Transitive",
        "resolved": "7.0.0",
        "contentHash": "9W0ewWDuAyDqS2PigdTxk6jDKonfgscY/hP8hm7VpxYhNHZHKvZTdRckberlFk3VnCmr3xBUyMBut12Q+T2aOw=="
      },
      "System.IO.Hashing": {
        "type": "Transitive",
        "resolved": "7.0.0",
        "contentHash": "sDnWM0N3AMCa86LrKTWeF3BZLD2sgWyYUc7HL6z4+xyDZNQRwzmxbo4qP2rX2MqC+Sy1/gOSRDah5ltxY5jPxw=="
      },
      "System.IO.Pipelines": {
        "type": "Transitive",
        "resolved": "7.0.0",
        "contentHash": "jRn6JYnNPW6xgQazROBLSfpdoczRw694vO5kKvMcNnpXuolEixUyw6IBuBs2Y2mlSX/LdLvyyWmfXhaI3ND1Yg=="
      },
      "System.Text.Encodings.Web": {
        "type": "Transitive",
        "resolved": "7.0.0",
        "contentHash": "OP6umVGxc0Z0MvZQBVigj4/U31Pw72ITihDWP9WiWDm+q5aoe0GaJivsfYGq53o6dxH7DcXWiCTl7+0o2CGdmg=="
      },
      "System.Text.Json": {
        "type": "Transitive",
        "resolved": "7.0.0",
        "contentHash": "DaGSsVqKsn/ia6RG8frjwmJonfos0srquhw09TlT8KRw5I43E+4gs+/bZj4K0vShJ5H9imCuXupb4RmS+dBy3w==",
        "dependencies": {
          "System.Text.Encodings.Web": "7.0.0"
        }
      },
      "System.Threading.Channels": {
        "type": "Transitive",
        "resolved": "7.0.0",
        "contentHash": "qmeeYNROMsONF6ndEZcIQ+VxR4Q/TX/7uIVLJqtwIWL7dDWeh0l1UIqgo4wYyjG//5lUNhwkLDSFl+pAWO6oiA=="
      },
      "System.Threading.Tasks.Extensions": {
        "type": "Transitive",
        "resolved": "4.5.0",
        "contentHash": "csAJe24tWCOTO/rXoJAuBGuOq7ZdHY60XtC6b/hNMHT9tuX+2J9HK7nciLEtNvnrRLMxBACLXO3R4y5+kCduMA=="
      },
      "Yarp.ReverseProxy": {
        "type": "Transitive",
        "resolved": "2.0.1",
        "contentHash": "op7vBwONPFeR1PYxeLw+RLqSodODDX8RWd0OinLGMVIq6yi1q9mv1j56ImuyZgiAToksiC0Dc7jbRUZ9I+jvFA==",
        "dependencies": {
          "System.IO.Hashing": "7.0.0"
        }
      },
      "apollographql.hotchocolate.federation": {
        "type": "Project",
        "dependencies": {
          "HotChocolate": "[13.6.0, )"
        }
      }
    }
  }
}